// !$*UTF8*$!
{
	archiveVersion = 1;
	classes = {
	};
	objectVersion = 51;
	objects = {

/* Begin PBXBuildFile section */
		11065CFF21A6F557002621AE /* PageVC.swift in Sources */ = {isa = PBXBuildFile; fileRef = 11065CFE21A6F557002621AE /* PageVC.swift */; };
		11065D0121A6F95C002621AE /* TabView.swift in Sources */ = {isa = PBXBuildFile; fileRef = 11065D0021A6F95C002621AE /* TabView.swift */; };
		11065D0421A82E64002621AE /* Text_VC.swift in Sources */ = {isa = PBXBuildFile; fileRef = 11065D0321A82E64002621AE /* Text_VC.swift */; };
		11065D0621A82E74002621AE /* Video_VC.swift in Sources */ = {isa = PBXBuildFile; fileRef = 11065D0521A82E74002621AE /* Video_VC.swift */; };
		11065D0821A82E88002621AE /* Dapim_VC.swift in Sources */ = {isa = PBXBuildFile; fileRef = 11065D0721A82E88002621AE /* Dapim_VC.swift */; };
		11065D0A21A82E9A002621AE /* Masechtot_VC.swift in Sources */ = {isa = PBXBuildFile; fileRef = 11065D0921A82E9A002621AE /* Masechtot_VC.swift */; };
		110B242921E18C6000792546 /* SideMenuCell.swift in Sources */ = {isa = PBXBuildFile; fileRef = 110B242821E18C6000792546 /* SideMenuCell.swift */; };
		110F930F21A41CF000A50EDE /* DafHayomiVC.swift in Sources */ = {isa = PBXBuildFile; fileRef = 110F930E21A41CF000A50EDE /* DafHayomiVC.swift */; };
		1117E991223A902E00897B96 /* Comment.swift in Sources */ = {isa = PBXBuildFile; fileRef = 1117E990223A902E00897B96 /* Comment.swift */; };
		1117E993223B09F400897B96 /* PaddingLabel.swift in Sources */ = {isa = PBXBuildFile; fileRef = 1117E992223B09F400897B96 /* PaddingLabel.swift */; };
		1122BF6921B6975B0053E27E /* MessageCVCell.swift in Sources */ = {isa = PBXBuildFile; fileRef = 1122BF6721B6975B0053E27E /* MessageCVCell.swift */; };
		1122BF6A21B6975B0053E27E /* MessageCVCell.xib in Resources */ = {isa = PBXBuildFile; fileRef = 1122BF6821B6975B0053E27E /* MessageCVCell.xib */; };
		114C9CC021A1661C00D5713E /* AppDelegate.swift in Sources */ = {isa = PBXBuildFile; fileRef = 114C9CBF21A1661C00D5713E /* AppDelegate.swift */; };
		114C9CC221A1661C00D5713E /* HomeVC.swift in Sources */ = {isa = PBXBuildFile; fileRef = 114C9CC121A1661C00D5713E /* HomeVC.swift */; };
		114C9CC521A1661C00D5713E /* Main.storyboard in Resources */ = {isa = PBXBuildFile; fileRef = 114C9CC321A1661C00D5713E /* Main.storyboard */; };
		114C9CC721A1661E00D5713E /* Assets.xcassets in Resources */ = {isa = PBXBuildFile; fileRef = 114C9CC621A1661E00D5713E /* Assets.xcassets */; };
		114C9CCA21A1661E00D5713E /* LaunchScreen.storyboard in Resources */ = {isa = PBXBuildFile; fileRef = 114C9CC821A1661E00D5713E /* LaunchScreen.storyboard */; };
		115F329F23D7A7DC00F6AD8C /* ShiurDiarioBaseViewController.swift in Sources */ = {isa = PBXBuildFile; fileRef = 115F329E23D7A7DC00F6AD8C /* ShiurDiarioBaseViewController.swift */; };
		117B33162235298C0075D710 /* VideoComments_VC.swift in Sources */ = {isa = PBXBuildFile; fileRef = 117B33152235298C0075D710 /* VideoComments_VC.swift */; };
		117B3318223529FF0075D710 /* CommentCell.swift in Sources */ = {isa = PBXBuildFile; fileRef = 117B3317223529FF0075D710 /* CommentCell.swift */; };
		11959C7D21B3E35300BEFCC6 /* DapimViewModel.swift in Sources */ = {isa = PBXBuildFile; fileRef = 11959C7C21B3E35300BEFCC6 /* DapimViewModel.swift */; };
		11A4724721AABA0A001F54F6 /* Daf_Model.swift in Sources */ = {isa = PBXBuildFile; fileRef = 11A4724621AABA0A001F54F6 /* Daf_Model.swift */; };
		11A4724921AABD35001F54F6 /* DafResponse_Model.swift in Sources */ = {isa = PBXBuildFile; fileRef = 11A4724821AABD35001F54F6 /* DafResponse_Model.swift */; };
		11A4724B21AABE27001F54F6 /* DafCell.swift in Sources */ = {isa = PBXBuildFile; fileRef = 11A4724A21AABE27001F54F6 /* DafCell.swift */; };
		11A4724D21AAE6D2001F54F6 /* MasechtaCell.swift in Sources */ = {isa = PBXBuildFile; fileRef = 11A4724C21AAE6D2001F54F6 /* MasechtaCell.swift */; };
		11A4724F21AAE79C001F54F6 /* MasechtaResponse_Model.swift in Sources */ = {isa = PBXBuildFile; fileRef = 11A4724E21AAE79C001F54F6 /* MasechtaResponse_Model.swift */; };
		11A4725321AAE93E001F54F6 /* Masechta_Model.swift in Sources */ = {isa = PBXBuildFile; fileRef = 11A4725221AAE93E001F54F6 /* Masechta_Model.swift */; };
		11A59EB821A474F7003FD0B0 /* TitleCell.swift in Sources */ = {isa = PBXBuildFile; fileRef = 11A59EB721A474F7003FD0B0 /* TitleCell.swift */; };
		11DA709F21AFE26C00294E14 /* DedicationRepo.swift in Sources */ = {isa = PBXBuildFile; fileRef = 11DA709E21AFE26C00294E14 /* DedicationRepo.swift */; };
		11DA70A121AFE2AC00294E14 /* MasechtotRepo.swift in Sources */ = {isa = PBXBuildFile; fileRef = 11DA70A021AFE2AC00294E14 /* MasechtotRepo.swift */; };
		11DA70A421AFEBE000294E14 /* Result.swift in Sources */ = {isa = PBXBuildFile; fileRef = 11DA70A321AFEBE000294E14 /* Result.swift */; };
		11DA70A621B014EC00294E14 /* Bindable.swift in Sources */ = {isa = PBXBuildFile; fileRef = 11DA70A521B014EC00294E14 /* Bindable.swift */; };
		11DA70AA21B03B6C00294E14 /* ItemType.swift in Sources */ = {isa = PBXBuildFile; fileRef = 11DA70A921B03B6C00294E14 /* ItemType.swift */; };
		11DA70AC21B0743600294E14 /* extensions.swift in Sources */ = {isa = PBXBuildFile; fileRef = 11DA70AB21B0743600294E14 /* extensions.swift */; };
		11E58B1F21B1633500EBF17D /* DapimRepo.swift in Sources */ = {isa = PBXBuildFile; fileRef = 11E58B1E21B1633500EBF17D /* DapimRepo.swift */; };
		11E58B2121B1662100EBF17D /* MasechtotViewModel.swift in Sources */ = {isa = PBXBuildFile; fileRef = 11E58B2021B1662100EBF17D /* MasechtotViewModel.swift */; };
		11E58B2321B16A3900EBF17D /* Daf_ViewModel.swift in Sources */ = {isa = PBXBuildFile; fileRef = 11E58B2221B16A3900EBF17D /* Daf_ViewModel.swift */; };
		11EC59AC224FE7F0002D2A3B /* GoogleService-Info.plist in Resources */ = {isa = PBXBuildFile; fileRef = 11EC59AB224FE7F0002D2A3B /* GoogleService-Info.plist */; };
		11F11CB52241A8C100001521 /* CustomSlider.swift in Sources */ = {isa = PBXBuildFile; fileRef = 11F11CB42241A8C100001521 /* CustomSlider.swift */; };
		11F12A8F21E3720C00430143 /* DataTests.swift in Sources */ = {isa = PBXBuildFile; fileRef = 11F12A8E21E3720C00430143 /* DataTests.swift */; };
		11F78C092236B6DB006A5935 /* LoginVC.swift in Sources */ = {isa = PBXBuildFile; fileRef = 11F78C082236B6DB006A5935 /* LoginVC.swift */; };
		11F78C0B22371733006A5935 /* LaunchVC.swift in Sources */ = {isa = PBXBuildFile; fileRef = 11F78C0A22371732006A5935 /* LaunchVC.swift */; };
		11F800C221ADCBD6004614E8 /* DedicationVC.swift in Sources */ = {isa = PBXBuildFile; fileRef = 11F800C121ADCBD6004614E8 /* DedicationVC.swift */; };
		11F800C421AEDEE6004614E8 /* ContactVC.swift in Sources */ = {isa = PBXBuildFile; fileRef = 11F800C321AEDEE6004614E8 /* ContactVC.swift */; };
		11F800C921AF098E004614E8 /* DedicationViewModel.swift in Sources */ = {isa = PBXBuildFile; fileRef = 11F800C821AF098E004614E8 /* DedicationViewModel.swift */; };
		11F800CB21AF0B7C004614E8 /* Utils.swift in Sources */ = {isa = PBXBuildFile; fileRef = 11F800CA21AF0B7C004614E8 /* Utils.swift */; };
		11F874F121A36BCF00CA11B4 /* SideMenuVC.swift in Sources */ = {isa = PBXBuildFile; fileRef = 11F874F021A36BCF00CA11B4 /* SideMenuVC.swift */; };
		11F97A0F223586F300746909 /* SignUpVC.swift in Sources */ = {isa = PBXBuildFile; fileRef = 11F97A0E223586F300746909 /* SignUpVC.swift */; };
		351C656D12345679031F18BE /* Pods_ShiurDiario_iOS.framework in Frameworks */ = {isa = PBXBuildFile; fileRef = 7C24E2ECC5537CA33F4B10B5 /* Pods_ShiurDiario_iOS.framework */; };
		68A5AA96FB59F768D1DFC9D1 /* Pods_ShiurDiario_iOSTests.framework in Frameworks */ = {isa = PBXBuildFile; fileRef = 86392C445F4BE394ABD9B562 /* Pods_ShiurDiario_iOSTests.framework */; };
/* End PBXBuildFile section */

/* Begin PBXContainerItemProxy section */
		1156509C21E36FA500A6B641 /* PBXContainerItemProxy */ = {
			isa = PBXContainerItemProxy;
			containerPortal = 114C9CB421A1661C00D5713E /* Project object */;
			proxyType = 1;
			remoteGlobalIDString = 114C9CBB21A1661C00D5713E;
			remoteInfo = ShiurDiario_iOS;
		};
/* End PBXContainerItemProxy section */

/* Begin PBXFileReference section */
		017EF5B85479924C73E0F157 /* Pods-ShiurDiario_iOSTests.debug.xcconfig */ = {isa = PBXFileReference; includeInIndex = 1; lastKnownFileType = text.xcconfig; name = "Pods-ShiurDiario_iOSTests.debug.xcconfig"; path = "Pods/Target Support Files/Pods-ShiurDiario_iOSTests/Pods-ShiurDiario_iOSTests.debug.xcconfig"; sourceTree = "<group>"; };
		11065CFE21A6F557002621AE /* PageVC.swift */ = {isa = PBXFileReference; lastKnownFileType = sourcecode.swift; path = PageVC.swift; sourceTree = "<group>"; };
		11065D0021A6F95C002621AE /* TabView.swift */ = {isa = PBXFileReference; lastKnownFileType = sourcecode.swift; path = TabView.swift; sourceTree = "<group>"; };
		11065D0321A82E64002621AE /* Text_VC.swift */ = {isa = PBXFileReference; lastKnownFileType = sourcecode.swift; path = Text_VC.swift; sourceTree = "<group>"; };
		11065D0521A82E74002621AE /* Video_VC.swift */ = {isa = PBXFileReference; lastKnownFileType = sourcecode.swift; path = Video_VC.swift; sourceTree = "<group>"; };
		11065D0721A82E88002621AE /* Dapim_VC.swift */ = {isa = PBXFileReference; lastKnownFileType = sourcecode.swift; path = Dapim_VC.swift; sourceTree = "<group>"; };
		11065D0921A82E9A002621AE /* Masechtot_VC.swift */ = {isa = PBXFileReference; lastKnownFileType = sourcecode.swift; path = Masechtot_VC.swift; sourceTree = "<group>"; };
		110B242821E18C6000792546 /* SideMenuCell.swift */ = {isa = PBXFileReference; lastKnownFileType = sourcecode.swift; path = SideMenuCell.swift; sourceTree = "<group>"; };
		110F930E21A41CF000A50EDE /* DafHayomiVC.swift */ = {isa = PBXFileReference; lastKnownFileType = sourcecode.swift; path = DafHayomiVC.swift; sourceTree = "<group>"; };
		1117E990223A902E00897B96 /* Comment.swift */ = {isa = PBXFileReference; lastKnownFileType = sourcecode.swift; path = Comment.swift; sourceTree = "<group>"; };
		1117E992223B09F400897B96 /* PaddingLabel.swift */ = {isa = PBXFileReference; lastKnownFileType = sourcecode.swift; path = PaddingLabel.swift; sourceTree = "<group>"; };
		1122BF6721B6975B0053E27E /* MessageCVCell.swift */ = {isa = PBXFileReference; lastKnownFileType = sourcecode.swift; path = MessageCVCell.swift; sourceTree = "<group>"; };
		1122BF6821B6975B0053E27E /* MessageCVCell.xib */ = {isa = PBXFileReference; lastKnownFileType = file.xib; path = MessageCVCell.xib; sourceTree = "<group>"; };
		114C9CBC21A1661C00D5713E /* ShiurDiario_iOS.app */ = {isa = PBXFileReference; explicitFileType = wrapper.application; includeInIndex = 0; path = ShiurDiario_iOS.app; sourceTree = BUILT_PRODUCTS_DIR; };
		114C9CBF21A1661C00D5713E /* AppDelegate.swift */ = {isa = PBXFileReference; lastKnownFileType = sourcecode.swift; path = AppDelegate.swift; sourceTree = "<group>"; };
		114C9CC121A1661C00D5713E /* HomeVC.swift */ = {isa = PBXFileReference; lastKnownFileType = sourcecode.swift; path = HomeVC.swift; sourceTree = "<group>"; };
		114C9CC421A1661C00D5713E /* Base */ = {isa = PBXFileReference; lastKnownFileType = file.storyboard; name = Base; path = Base.lproj/Main.storyboard; sourceTree = "<group>"; };
		114C9CC621A1661E00D5713E /* Assets.xcassets */ = {isa = PBXFileReference; lastKnownFileType = folder.assetcatalog; path = Assets.xcassets; sourceTree = "<group>"; };
		114C9CC921A1661E00D5713E /* Base */ = {isa = PBXFileReference; lastKnownFileType = file.storyboard; name = Base; path = Base.lproj/LaunchScreen.storyboard; sourceTree = "<group>"; };
		114C9CCB21A1661E00D5713E /* Info.plist */ = {isa = PBXFileReference; lastKnownFileType = text.plist.xml; path = Info.plist; sourceTree = "<group>"; };
		1156509721E36FA500A6B641 /* ShiurDiario_iOSTests.xctest */ = {isa = PBXFileReference; explicitFileType = wrapper.cfbundle; includeInIndex = 0; path = ShiurDiario_iOSTests.xctest; sourceTree = BUILT_PRODUCTS_DIR; };
		1156509B21E36FA500A6B641 /* Info.plist */ = {isa = PBXFileReference; lastKnownFileType = text.plist.xml; path = Info.plist; sourceTree = "<group>"; };
		115F329E23D7A7DC00F6AD8C /* ShiurDiarioBaseViewController.swift */ = {isa = PBXFileReference; lastKnownFileType = sourcecode.swift; path = ShiurDiarioBaseViewController.swift; sourceTree = "<group>"; };
		117B33152235298C0075D710 /* VideoComments_VC.swift */ = {isa = PBXFileReference; lastKnownFileType = sourcecode.swift; path = VideoComments_VC.swift; sourceTree = "<group>"; };
		117B3317223529FF0075D710 /* CommentCell.swift */ = {isa = PBXFileReference; lastKnownFileType = sourcecode.swift; path = CommentCell.swift; sourceTree = "<group>"; };
		11959C7C21B3E35300BEFCC6 /* DapimViewModel.swift */ = {isa = PBXFileReference; lastKnownFileType = sourcecode.swift; path = DapimViewModel.swift; sourceTree = "<group>"; };
		11A4724621AABA0A001F54F6 /* Daf_Model.swift */ = {isa = PBXFileReference; lastKnownFileType = sourcecode.swift; path = Daf_Model.swift; sourceTree = "<group>"; };
		11A4724821AABD35001F54F6 /* DafResponse_Model.swift */ = {isa = PBXFileReference; lastKnownFileType = sourcecode.swift; path = DafResponse_Model.swift; sourceTree = "<group>"; };
		11A4724A21AABE27001F54F6 /* DafCell.swift */ = {isa = PBXFileReference; lastKnownFileType = sourcecode.swift; path = DafCell.swift; sourceTree = "<group>"; };
		11A4724C21AAE6D2001F54F6 /* MasechtaCell.swift */ = {isa = PBXFileReference; lastKnownFileType = sourcecode.swift; path = MasechtaCell.swift; sourceTree = "<group>"; };
		11A4724E21AAE79C001F54F6 /* MasechtaResponse_Model.swift */ = {isa = PBXFileReference; lastKnownFileType = sourcecode.swift; path = MasechtaResponse_Model.swift; sourceTree = "<group>"; };
		11A4725221AAE93E001F54F6 /* Masechta_Model.swift */ = {isa = PBXFileReference; lastKnownFileType = sourcecode.swift; path = Masechta_Model.swift; sourceTree = "<group>"; };
		11A59EB721A474F7003FD0B0 /* TitleCell.swift */ = {isa = PBXFileReference; lastKnownFileType = sourcecode.swift; path = TitleCell.swift; sourceTree = "<group>"; };
		11DA709E21AFE26C00294E14 /* DedicationRepo.swift */ = {isa = PBXFileReference; lastKnownFileType = sourcecode.swift; path = DedicationRepo.swift; sourceTree = "<group>"; };
		11DA70A021AFE2AC00294E14 /* MasechtotRepo.swift */ = {isa = PBXFileReference; lastKnownFileType = sourcecode.swift; path = MasechtotRepo.swift; sourceTree = "<group>"; };
		11DA70A321AFEBE000294E14 /* Result.swift */ = {isa = PBXFileReference; lastKnownFileType = sourcecode.swift; path = Result.swift; sourceTree = "<group>"; };
		11DA70A521B014EC00294E14 /* Bindable.swift */ = {isa = PBXFileReference; lastKnownFileType = sourcecode.swift; path = Bindable.swift; sourceTree = "<group>"; };
		11DA70A921B03B6C00294E14 /* ItemType.swift */ = {isa = PBXFileReference; lastKnownFileType = sourcecode.swift; path = ItemType.swift; sourceTree = "<group>"; };
		11DA70AB21B0743600294E14 /* extensions.swift */ = {isa = PBXFileReference; lastKnownFileType = sourcecode.swift; path = extensions.swift; sourceTree = "<group>"; };
		11E58B1E21B1633500EBF17D /* DapimRepo.swift */ = {isa = PBXFileReference; lastKnownFileType = sourcecode.swift; path = DapimRepo.swift; sourceTree = "<group>"; };
		11E58B2021B1662100EBF17D /* MasechtotViewModel.swift */ = {isa = PBXFileReference; lastKnownFileType = sourcecode.swift; path = MasechtotViewModel.swift; sourceTree = "<group>"; };
		11E58B2221B16A3900EBF17D /* Daf_ViewModel.swift */ = {isa = PBXFileReference; lastKnownFileType = sourcecode.swift; path = Daf_ViewModel.swift; sourceTree = "<group>"; };
		11EC59AB224FE7F0002D2A3B /* GoogleService-Info.plist */ = {isa = PBXFileReference; fileEncoding = 4; lastKnownFileType = text.plist.xml; path = "GoogleService-Info.plist"; sourceTree = "<group>"; };
		11F11CB42241A8C100001521 /* CustomSlider.swift */ = {isa = PBXFileReference; lastKnownFileType = sourcecode.swift; path = CustomSlider.swift; sourceTree = "<group>"; };
		11F12A8E21E3720C00430143 /* DataTests.swift */ = {isa = PBXFileReference; lastKnownFileType = sourcecode.swift; path = DataTests.swift; sourceTree = "<group>"; };
		11F78C082236B6DB006A5935 /* LoginVC.swift */ = {isa = PBXFileReference; lastKnownFileType = sourcecode.swift; path = LoginVC.swift; sourceTree = "<group>"; };
		11F78C0A22371732006A5935 /* LaunchVC.swift */ = {isa = PBXFileReference; lastKnownFileType = sourcecode.swift; path = LaunchVC.swift; sourceTree = "<group>"; };
		11F800C121ADCBD6004614E8 /* DedicationVC.swift */ = {isa = PBXFileReference; lastKnownFileType = sourcecode.swift; path = DedicationVC.swift; sourceTree = "<group>"; };
		11F800C321AEDEE6004614E8 /* ContactVC.swift */ = {isa = PBXFileReference; lastKnownFileType = sourcecode.swift; path = ContactVC.swift; sourceTree = "<group>"; };
		11F800C821AF098E004614E8 /* DedicationViewModel.swift */ = {isa = PBXFileReference; lastKnownFileType = sourcecode.swift; path = DedicationViewModel.swift; sourceTree = "<group>"; };
		11F800CA21AF0B7C004614E8 /* Utils.swift */ = {isa = PBXFileReference; lastKnownFileType = sourcecode.swift; path = Utils.swift; sourceTree = "<group>"; };
		11F874F021A36BCF00CA11B4 /* SideMenuVC.swift */ = {isa = PBXFileReference; lastKnownFileType = sourcecode.swift; path = SideMenuVC.swift; sourceTree = "<group>"; };
		11F97A0E223586F300746909 /* SignUpVC.swift */ = {isa = PBXFileReference; lastKnownFileType = sourcecode.swift; path = SignUpVC.swift; sourceTree = "<group>"; };
		19563A862F9061651023EE53 /* Pods-ShiurDiario_iOS.release.xcconfig */ = {isa = PBXFileReference; includeInIndex = 1; lastKnownFileType = text.xcconfig; name = "Pods-ShiurDiario_iOS.release.xcconfig"; path = "Pods/Target Support Files/Pods-ShiurDiario_iOS/Pods-ShiurDiario_iOS.release.xcconfig"; sourceTree = "<group>"; };
		52EA3D2C172DE2F8353623AF /* Pods-ShiurDiario_iOSTests.release.xcconfig */ = {isa = PBXFileReference; includeInIndex = 1; lastKnownFileType = text.xcconfig; name = "Pods-ShiurDiario_iOSTests.release.xcconfig"; path = "Pods/Target Support Files/Pods-ShiurDiario_iOSTests/Pods-ShiurDiario_iOSTests.release.xcconfig"; sourceTree = "<group>"; };
		7C24E2ECC5537CA33F4B10B5 /* Pods_ShiurDiario_iOS.framework */ = {isa = PBXFileReference; explicitFileType = wrapper.framework; includeInIndex = 0; path = Pods_ShiurDiario_iOS.framework; sourceTree = BUILT_PRODUCTS_DIR; };
		86392C445F4BE394ABD9B562 /* Pods_ShiurDiario_iOSTests.framework */ = {isa = PBXFileReference; explicitFileType = wrapper.framework; includeInIndex = 0; path = Pods_ShiurDiario_iOSTests.framework; sourceTree = BUILT_PRODUCTS_DIR; };
		EB7908FB3DFB4CA20947A2E0 /* Pods-ShiurDiario_iOS.debug.xcconfig */ = {isa = PBXFileReference; includeInIndex = 1; lastKnownFileType = text.xcconfig; name = "Pods-ShiurDiario_iOS.debug.xcconfig"; path = "Pods/Target Support Files/Pods-ShiurDiario_iOS/Pods-ShiurDiario_iOS.debug.xcconfig"; sourceTree = "<group>"; };
/* End PBXFileReference section */

/* Begin PBXFrameworksBuildPhase section */
		114C9CB921A1661C00D5713E /* Frameworks */ = {
			isa = PBXFrameworksBuildPhase;
			buildActionMask = 2147483647;
			files = (
				351C656D12345679031F18BE /* Pods_ShiurDiario_iOS.framework in Frameworks */,
			);
			runOnlyForDeploymentPostprocessing = 0;
		};
		1156509421E36FA500A6B641 /* Frameworks */ = {
			isa = PBXFrameworksBuildPhase;
			buildActionMask = 2147483647;
			files = (
				68A5AA96FB59F768D1DFC9D1 /* Pods_ShiurDiario_iOSTests.framework in Frameworks */,
			);
			runOnlyForDeploymentPostprocessing = 0;
		};
/* End PBXFrameworksBuildPhase section */

/* Begin PBXGroup section */
		11065D0221A82E1C002621AE /* Page_viewControllers */ = {
			isa = PBXGroup;
			children = (
				11065D0521A82E74002621AE /* Video_VC.swift */,
				11065D0321A82E64002621AE /* Text_VC.swift */,
				11065D0721A82E88002621AE /* Dapim_VC.swift */,
				11065D0921A82E9A002621AE /* Masechtot_VC.swift */,
				117B33152235298C0075D710 /* VideoComments_VC.swift */,
			);
			path = Page_viewControllers;
			sourceTree = "<group>";
		};
		1122BF6B21B698F00053E27E /* messageCell */ = {
			isa = PBXGroup;
			children = (
				1122BF6721B6975B0053E27E /* MessageCVCell.swift */,
				1122BF6821B6975B0053E27E /* MessageCVCell.xib */,
			);
			path = messageCell;
			sourceTree = "<group>";
		};
		114C9CB321A1661C00D5713E = {
			isa = PBXGroup;
			children = (
				114C9CBE21A1661C00D5713E /* ShiurDiario_iOS */,
				11EC59AB224FE7F0002D2A3B /* GoogleService-Info.plist */,
				1156509821E36FA500A6B641 /* ShiurDiario_iOSTests */,
				114C9CBD21A1661C00D5713E /* Products */,
				D719F83B32CA4C262B0BE8FC /* Pods */,
				F1E803D13A6C9FB935078684 /* Frameworks */,
			);
			sourceTree = "<group>";
		};
		114C9CBD21A1661C00D5713E /* Products */ = {
			isa = PBXGroup;
			children = (
				114C9CBC21A1661C00D5713E /* ShiurDiario_iOS.app */,
				1156509721E36FA500A6B641 /* ShiurDiario_iOSTests.xctest */,
			);
			name = Products;
			sourceTree = "<group>";
		};
		114C9CBE21A1661C00D5713E /* ShiurDiario_iOS */ = {
			isa = PBXGroup;
			children = (
				115650A121E3705700A6B641 /* Supporting Files */,
				11F12A8A21E370BE00430143 /* App Delegate */,
				11DA709D21AFE1DE00294E14 /* Repository */,
				11DA709C21AFE07400294E14 /* ViewController */,
				11F800C721AF0698004614E8 /* View */,
				11F800C621AF068C004614E8 /* ViewModel */,
				11F800C521AF0679004614E8 /* Model */,
				11DA70A221AFEBC900294E14 /* helpers */,
			);
			path = ShiurDiario_iOS;
			sourceTree = "<group>";
		};
		1156509821E36FA500A6B641 /* ShiurDiario_iOSTests */ = {
			isa = PBXGroup;
			children = (
				11F12A8C21E3716700430143 /* Data */,
				11F12A8B21E3715D00430143 /* Cases */,
				11F12A8D21E3716D00430143 /* Supporting Files */,
			);
			path = ShiurDiario_iOSTests;
			sourceTree = "<group>";
		};
		115650A121E3705700A6B641 /* Supporting Files */ = {
			isa = PBXGroup;
			children = (
				114C9CC321A1661C00D5713E /* Main.storyboard */,
				114C9CC821A1661E00D5713E /* LaunchScreen.storyboard */,
				114C9CCB21A1661E00D5713E /* Info.plist */,
				114C9CC621A1661E00D5713E /* Assets.xcassets */,
			);
			path = "Supporting Files";
			sourceTree = "<group>";
		};
		11DA709C21AFE07400294E14 /* ViewController */ = {
			isa = PBXGroup;
			children = (
				115F329E23D7A7DC00F6AD8C /* ShiurDiarioBaseViewController.swift */,
				114C9CC121A1661C00D5713E /* HomeVC.swift */,
				11F800C321AEDEE6004614E8 /* ContactVC.swift */,
				11F800C121ADCBD6004614E8 /* DedicationVC.swift */,
				11065CFE21A6F557002621AE /* PageVC.swift */,
				110F930E21A41CF000A50EDE /* DafHayomiVC.swift */,
				11F874F021A36BCF00CA11B4 /* SideMenuVC.swift */,
				11065D0221A82E1C002621AE /* Page_viewControllers */,
				11F97A0E223586F300746909 /* SignUpVC.swift */,
				11F78C082236B6DB006A5935 /* LoginVC.swift */,
				11F78C0A22371732006A5935 /* LaunchVC.swift */,
			);
			path = ViewController;
			sourceTree = "<group>";
		};
		11DA709D21AFE1DE00294E14 /* Repository */ = {
			isa = PBXGroup;
			children = (
				11DA709E21AFE26C00294E14 /* DedicationRepo.swift */,
				11DA70A021AFE2AC00294E14 /* MasechtotRepo.swift */,
				11E58B1E21B1633500EBF17D /* DapimRepo.swift */,
			);
			path = Repository;
			sourceTree = "<group>";
		};
		11DA70A221AFEBC900294E14 /* helpers */ = {
			isa = PBXGroup;
			children = (
				11F800CA21AF0B7C004614E8 /* Utils.swift */,
				11DA70A321AFEBE000294E14 /* Result.swift */,
				11DA70A921B03B6C00294E14 /* ItemType.swift */,
				11DA70A521B014EC00294E14 /* Bindable.swift */,
				11DA70AB21B0743600294E14 /* extensions.swift */,
			);
			path = helpers;
			sourceTree = "<group>";
		};
		11F12A8A21E370BE00430143 /* App Delegate */ = {
			isa = PBXGroup;
			children = (
				114C9CBF21A1661C00D5713E /* AppDelegate.swift */,
			);
			path = "App Delegate";
			sourceTree = "<group>";
		};
		11F12A8B21E3715D00430143 /* Cases */ = {
			isa = PBXGroup;
			children = (
				11F12A8E21E3720C00430143 /* DataTests.swift */,
			);
			path = Cases;
			sourceTree = "<group>";
		};
		11F12A8C21E3716700430143 /* Data */ = {
			isa = PBXGroup;
			children = (
			);
			path = Data;
			sourceTree = "<group>";
		};
		11F12A8D21E3716D00430143 /* Supporting Files */ = {
			isa = PBXGroup;
			children = (
				1156509B21E36FA500A6B641 /* Info.plist */,
			);
			path = "Supporting Files";
			sourceTree = "<group>";
		};
		11F800C521AF0679004614E8 /* Model */ = {
			isa = PBXGroup;
			children = (
				11A4724621AABA0A001F54F6 /* Daf_Model.swift */,
				11A4724821AABD35001F54F6 /* DafResponse_Model.swift */,
				11A4724E21AAE79C001F54F6 /* MasechtaResponse_Model.swift */,
				11A4725221AAE93E001F54F6 /* Masechta_Model.swift */,
				1117E990223A902E00897B96 /* Comment.swift */,
			);
			path = Model;
			sourceTree = "<group>";
		};
		11F800C621AF068C004614E8 /* ViewModel */ = {
			isa = PBXGroup;
			children = (
				11E58B2221B16A3900EBF17D /* Daf_ViewModel.swift */,
				11F800C821AF098E004614E8 /* DedicationViewModel.swift */,
				11E58B2021B1662100EBF17D /* MasechtotViewModel.swift */,
				11959C7C21B3E35300BEFCC6 /* DapimViewModel.swift */,
			);
			path = ViewModel;
			sourceTree = "<group>";
		};
		11F800C721AF0698004614E8 /* View */ = {
			isa = PBXGroup;
			children = (
				11A4724C21AAE6D2001F54F6 /* MasechtaCell.swift */,
				11A4724A21AABE27001F54F6 /* DafCell.swift */,
				11A59EB721A474F7003FD0B0 /* TitleCell.swift */,
				11065D0021A6F95C002621AE /* TabView.swift */,
				110B242821E18C6000792546 /* SideMenuCell.swift */,
				1122BF6B21B698F00053E27E /* messageCell */,
				117B3317223529FF0075D710 /* CommentCell.swift */,
				1117E992223B09F400897B96 /* PaddingLabel.swift */,
				11F11CB42241A8C100001521 /* CustomSlider.swift */,
			);
			path = View;
			sourceTree = "<group>";
		};
		D719F83B32CA4C262B0BE8FC /* Pods */ = {
			isa = PBXGroup;
			children = (
				EB7908FB3DFB4CA20947A2E0 /* Pods-ShiurDiario_iOS.debug.xcconfig */,
				19563A862F9061651023EE53 /* Pods-ShiurDiario_iOS.release.xcconfig */,
				017EF5B85479924C73E0F157 /* Pods-ShiurDiario_iOSTests.debug.xcconfig */,
				52EA3D2C172DE2F8353623AF /* Pods-ShiurDiario_iOSTests.release.xcconfig */,
			);
			name = Pods;
			sourceTree = "<group>";
		};
		F1E803D13A6C9FB935078684 /* Frameworks */ = {
			isa = PBXGroup;
			children = (
				7C24E2ECC5537CA33F4B10B5 /* Pods_ShiurDiario_iOS.framework */,
				86392C445F4BE394ABD9B562 /* Pods_ShiurDiario_iOSTests.framework */,
			);
			name = Frameworks;
			sourceTree = "<group>";
		};
/* End PBXGroup section */

/* Begin PBXNativeTarget section */
		114C9CBB21A1661C00D5713E /* ShiurDiario_iOS */ = {
			isa = PBXNativeTarget;
			buildConfigurationList = 114C9CCE21A1661E00D5713E /* Build configuration list for PBXNativeTarget "ShiurDiario_iOS" */;
			buildPhases = (
				F2A1572C70DCD0170D38B025 /* [CP] Check Pods Manifest.lock */,
				114C9CB821A1661C00D5713E /* Sources */,
				114C9CB921A1661C00D5713E /* Frameworks */,
				114C9CBA21A1661C00D5713E /* Resources */,
				1174377821E51A2C00EFC218 /* ShellScript */,
				60FD940953A713022DD79828 /* [CP] Embed Pods Frameworks */,
			);
			buildRules = (
			);
			dependencies = (
			);
			name = ShiurDiario_iOS;
			productName = ShiurDiario_iOS;
			productReference = 114C9CBC21A1661C00D5713E /* ShiurDiario_iOS.app */;
			productType = "com.apple.product-type.application";
		};
		1156509621E36FA500A6B641 /* ShiurDiario_iOSTests */ = {
			isa = PBXNativeTarget;
			buildConfigurationList = 115650A021E36FA500A6B641 /* Build configuration list for PBXNativeTarget "ShiurDiario_iOSTests" */;
			buildPhases = (
				C7F6218BDEF5B4BBF57E5FE4 /* [CP] Check Pods Manifest.lock */,
				1156509321E36FA500A6B641 /* Sources */,
				1156509421E36FA500A6B641 /* Frameworks */,
				1156509521E36FA500A6B641 /* Resources */,
			);
			buildRules = (
			);
			dependencies = (
				1156509D21E36FA500A6B641 /* PBXTargetDependency */,
			);
			name = ShiurDiario_iOSTests;
			productName = ShiurDiario_iOSTests;
			productReference = 1156509721E36FA500A6B641 /* ShiurDiario_iOSTests.xctest */;
			productType = "com.apple.product-type.bundle.unit-test";
		};
/* End PBXNativeTarget section */

/* Begin PBXProject section */
		114C9CB421A1661C00D5713E /* Project object */ = {
			isa = PBXProject;
			attributes = {
				LastSwiftUpdateCheck = 0940;
				LastUpgradeCheck = 0940;
				ORGANIZATIONNAME = "Hudi Ilfeld";
				TargetAttributes = {
					114C9CBB21A1661C00D5713E = {
						CreatedOnToolsVersion = 9.4.1;
						LastSwiftMigration = 1010;
					};
					1156509621E36FA500A6B641 = {
						CreatedOnToolsVersion = 9.4.1;
						LastSwiftMigration = 0940;
						TestTargetID = 114C9CBB21A1661C00D5713E;
					};
				};
			};
			buildConfigurationList = 114C9CB721A1661C00D5713E /* Build configuration list for PBXProject "ShiurDiario_iOS" */;
			compatibilityVersion = "Xcode 9.3";
			developmentRegion = en;
			hasScannedForEncodings = 0;
			knownRegions = (
				en,
				Base,
			);
			mainGroup = 114C9CB321A1661C00D5713E;
			productRefGroup = 114C9CBD21A1661C00D5713E /* Products */;
			projectDirPath = "";
			projectRoot = "";
			targets = (
				114C9CBB21A1661C00D5713E /* ShiurDiario_iOS */,
				1156509621E36FA500A6B641 /* ShiurDiario_iOSTests */,
			);
		};
/* End PBXProject section */

/* Begin PBXResourcesBuildPhase section */
		114C9CBA21A1661C00D5713E /* Resources */ = {
			isa = PBXResourcesBuildPhase;
			buildActionMask = 2147483647;
			files = (
				1122BF6A21B6975B0053E27E /* MessageCVCell.xib in Resources */,
				114C9CCA21A1661E00D5713E /* LaunchScreen.storyboard in Resources */,
				11EC59AC224FE7F0002D2A3B /* GoogleService-Info.plist in Resources */,
				114C9CC721A1661E00D5713E /* Assets.xcassets in Resources */,
				114C9CC521A1661C00D5713E /* Main.storyboard in Resources */,
			);
			runOnlyForDeploymentPostprocessing = 0;
		};
		1156509521E36FA500A6B641 /* Resources */ = {
			isa = PBXResourcesBuildPhase;
			buildActionMask = 2147483647;
			files = (
			);
			runOnlyForDeploymentPostprocessing = 0;
		};
/* End PBXResourcesBuildPhase section */

/* Begin PBXShellScriptBuildPhase section */
		1174377821E51A2C00EFC218 /* ShellScript */ = {
			isa = PBXShellScriptBuildPhase;
			buildActionMask = 2147483647;
			files = (
			);
			inputPaths = (
			);
			outputPaths = (
			);
			runOnlyForDeploymentPostprocessing = 0;
			shellPath = /bin/sh;
			shellScript = "\"${PODS_ROOT}/Fabric/run\" c1d752d0e150a865e17bf2878c234095762976c9 9b2960bacbca422e94bf6215e078ff164e08bc81a17eb291645395b9e1ce75be";
		};
		60FD940953A713022DD79828 /* [CP] Embed Pods Frameworks */ = {
			isa = PBXShellScriptBuildPhase;
			buildActionMask = 2147483647;
			files = (
			);
			inputFileListPaths = (
				"${PODS_ROOT}/Target Support Files/Pods-ShiurDiario_iOS/Pods-ShiurDiario_iOS-frameworks-${CONFIGURATION}-input-files.xcfilelist",
			);
			name = "[CP] Embed Pods Frameworks";
			outputFileListPaths = (
				"${PODS_ROOT}/Target Support Files/Pods-ShiurDiario_iOS/Pods-ShiurDiario_iOS-frameworks-${CONFIGURATION}-output-files.xcfilelist",
			);
			runOnlyForDeploymentPostprocessing = 0;
			shellPath = /bin/sh;
			shellScript = "\"${PODS_ROOT}/Target Support Files/Pods-ShiurDiario_iOS/Pods-ShiurDiario_iOS-frameworks.sh\"\n";
			showEnvVarsInLog = 0;
		};
		C7F6218BDEF5B4BBF57E5FE4 /* [CP] Check Pods Manifest.lock */ = {
			isa = PBXShellScriptBuildPhase;
			buildActionMask = 2147483647;
			files = (
			);
			inputPaths = (
				"${PODS_PODFILE_DIR_PATH}/Podfile.lock",
				"${PODS_ROOT}/Manifest.lock",
			);
			name = "[CP] Check Pods Manifest.lock";
			outputPaths = (
				"$(DERIVED_FILE_DIR)/Pods-ShiurDiario_iOSTests-checkManifestLockResult.txt",
			);
			runOnlyForDeploymentPostprocessing = 0;
			shellPath = /bin/sh;
			shellScript = "diff \"${PODS_PODFILE_DIR_PATH}/Podfile.lock\" \"${PODS_ROOT}/Manifest.lock\" > /dev/null\nif [ $? != 0 ] ; then\n    # print error to STDERR\n    echo \"error: The sandbox is not in sync with the Podfile.lock. Run 'pod install' or update your CocoaPods installation.\" >&2\n    exit 1\nfi\n# This output is used by Xcode 'outputs' to avoid re-running this script phase.\necho \"SUCCESS\" > \"${SCRIPT_OUTPUT_FILE_0}\"\n";
			showEnvVarsInLog = 0;
		};
		F2A1572C70DCD0170D38B025 /* [CP] Check Pods Manifest.lock */ = {
			isa = PBXShellScriptBuildPhase;
			buildActionMask = 2147483647;
			files = (
			);
			inputPaths = (
				"${PODS_PODFILE_DIR_PATH}/Podfile.lock",
				"${PODS_ROOT}/Manifest.lock",
			);
			name = "[CP] Check Pods Manifest.lock";
			outputPaths = (
				"$(DERIVED_FILE_DIR)/Pods-ShiurDiario_iOS-checkManifestLockResult.txt",
			);
			runOnlyForDeploymentPostprocessing = 0;
			shellPath = /bin/sh;
			shellScript = "diff \"${PODS_PODFILE_DIR_PATH}/Podfile.lock\" \"${PODS_ROOT}/Manifest.lock\" > /dev/null\nif [ $? != 0 ] ; then\n    # print error to STDERR\n    echo \"error: The sandbox is not in sync with the Podfile.lock. Run 'pod install' or update your CocoaPods installation.\" >&2\n    exit 1\nfi\n# This output is used by Xcode 'outputs' to avoid re-running this script phase.\necho \"SUCCESS\" > \"${SCRIPT_OUTPUT_FILE_0}\"\n";
			showEnvVarsInLog = 0;
		};
/* End PBXShellScriptBuildPhase section */

/* Begin PBXSourcesBuildPhase section */
		114C9CB821A1661C00D5713E /* Sources */ = {
			isa = PBXSourcesBuildPhase;
			buildActionMask = 2147483647;
			files = (
				110F930F21A41CF000A50EDE /* DafHayomiVC.swift in Sources */,
				114C9CC221A1661C00D5713E /* HomeVC.swift in Sources */,
				11A59EB821A474F7003FD0B0 /* TitleCell.swift in Sources */,
				11959C7D21B3E35300BEFCC6 /* DapimViewModel.swift in Sources */,
				11A4725321AAE93E001F54F6 /* Masechta_Model.swift in Sources */,
				11F800C921AF098E004614E8 /* DedicationViewModel.swift in Sources */,
				11F800C221ADCBD6004614E8 /* DedicationVC.swift in Sources */,
				11E58B2321B16A3900EBF17D /* Daf_ViewModel.swift in Sources */,
				11DA70A421AFEBE000294E14 /* Result.swift in Sources */,
				11A4724D21AAE6D2001F54F6 /* MasechtaCell.swift in Sources */,
				117B33162235298C0075D710 /* VideoComments_VC.swift in Sources */,
				11A4724B21AABE27001F54F6 /* DafCell.swift in Sources */,
				11F874F121A36BCF00CA11B4 /* SideMenuVC.swift in Sources */,
				1122BF6921B6975B0053E27E /* MessageCVCell.swift in Sources */,
				11A4724F21AAE79C001F54F6 /* MasechtaResponse_Model.swift in Sources */,
				11065D0621A82E74002621AE /* Video_VC.swift in Sources */,
				11DA70A121AFE2AC00294E14 /* MasechtotRepo.swift in Sources */,
				11E58B2121B1662100EBF17D /* MasechtotViewModel.swift in Sources */,
				11065D0121A6F95C002621AE /* TabView.swift in Sources */,
				11DA70AC21B0743600294E14 /* extensions.swift in Sources */,
				117B3318223529FF0075D710 /* CommentCell.swift in Sources */,
				11DA70AA21B03B6C00294E14 /* ItemType.swift in Sources */,
				11065D0A21A82E9A002621AE /* Masechtot_VC.swift in Sources */,
				11F78C092236B6DB006A5935 /* LoginVC.swift in Sources */,
				11065D0421A82E64002621AE /* Text_VC.swift in Sources */,
				11A4724921AABD35001F54F6 /* DafResponse_Model.swift in Sources */,
				11E58B1F21B1633500EBF17D /* DapimRepo.swift in Sources */,
				114C9CC021A1661C00D5713E /* AppDelegate.swift in Sources */,
				11F800C421AEDEE6004614E8 /* ContactVC.swift in Sources */,
				11F11CB52241A8C100001521 /* CustomSlider.swift in Sources */,
				11F97A0F223586F300746909 /* SignUpVC.swift in Sources */,
				110B242921E18C6000792546 /* SideMenuCell.swift in Sources */,
				11F800CB21AF0B7C004614E8 /* Utils.swift in Sources */,
				11DA70A621B014EC00294E14 /* Bindable.swift in Sources */,
				11A4724721AABA0A001F54F6 /* Daf_Model.swift in Sources */,
				115F329F23D7A7DC00F6AD8C /* ShiurDiarioBaseViewController.swift in Sources */,
				1117E991223A902E00897B96 /* Comment.swift in Sources */,
				11065CFF21A6F557002621AE /* PageVC.swift in Sources */,
				1117E993223B09F400897B96 /* PaddingLabel.swift in Sources */,
				11F78C0B22371733006A5935 /* LaunchVC.swift in Sources */,
				11065D0821A82E88002621AE /* Dapim_VC.swift in Sources */,
				11DA709F21AFE26C00294E14 /* DedicationRepo.swift in Sources */,
			);
			runOnlyForDeploymentPostprocessing = 0;
		};
		1156509321E36FA500A6B641 /* Sources */ = {
			isa = PBXSourcesBuildPhase;
			buildActionMask = 2147483647;
			files = (
				11F12A8F21E3720C00430143 /* DataTests.swift in Sources */,
			);
			runOnlyForDeploymentPostprocessing = 0;
		};
/* End PBXSourcesBuildPhase section */

/* Begin PBXTargetDependency section */
		1156509D21E36FA500A6B641 /* PBXTargetDependency */ = {
			isa = PBXTargetDependency;
			target = 114C9CBB21A1661C00D5713E /* ShiurDiario_iOS */;
			targetProxy = 1156509C21E36FA500A6B641 /* PBXContainerItemProxy */;
		};
/* End PBXTargetDependency section */

/* Begin PBXVariantGroup section */
		114C9CC321A1661C00D5713E /* Main.storyboard */ = {
			isa = PBXVariantGroup;
			children = (
				114C9CC421A1661C00D5713E /* Base */,
			);
			name = Main.storyboard;
			sourceTree = "<group>";
		};
		114C9CC821A1661E00D5713E /* LaunchScreen.storyboard */ = {
			isa = PBXVariantGroup;
			children = (
				114C9CC921A1661E00D5713E /* Base */,
			);
			name = LaunchScreen.storyboard;
			sourceTree = "<group>";
		};
/* End PBXVariantGroup section */

/* Begin XCBuildConfiguration section */
		114C9CCC21A1661E00D5713E /* Debug */ = {
			isa = XCBuildConfiguration;
			buildSettings = {
				ALWAYS_SEARCH_USER_PATHS = NO;
				CLANG_ANALYZER_NONNULL = YES;
				CLANG_ANALYZER_NUMBER_OBJECT_CONVERSION = YES_AGGRESSIVE;
				CLANG_CXX_LANGUAGE_STANDARD = "gnu++14";
				CLANG_CXX_LIBRARY = "libc++";
				CLANG_ENABLE_MODULES = YES;
				CLANG_ENABLE_OBJC_ARC = YES;
				CLANG_ENABLE_OBJC_WEAK = YES;
				CLANG_WARN_BLOCK_CAPTURE_AUTORELEASING = YES;
				CLANG_WARN_BOOL_CONVERSION = YES;
				CLANG_WARN_COMMA = YES;
				CLANG_WARN_CONSTANT_CONVERSION = YES;
				CLANG_WARN_DEPRECATED_OBJC_IMPLEMENTATIONS = YES;
				CLANG_WARN_DIRECT_OBJC_ISA_USAGE = YES_ERROR;
				CLANG_WARN_DOCUMENTATION_COMMENTS = YES;
				CLANG_WARN_EMPTY_BODY = YES;
				CLANG_WARN_ENUM_CONVERSION = YES;
				CLANG_WARN_INFINITE_RECURSION = YES;
				CLANG_WARN_INT_CONVERSION = YES;
				CLANG_WARN_NON_LITERAL_NULL_CONVERSION = YES;
				CLANG_WARN_OBJC_IMPLICIT_RETAIN_SELF = YES;
				CLANG_WARN_OBJC_LITERAL_CONVERSION = YES;
				CLANG_WARN_OBJC_ROOT_CLASS = YES_ERROR;
				CLANG_WARN_RANGE_LOOP_ANALYSIS = YES;
				CLANG_WARN_STRICT_PROTOTYPES = YES;
				CLANG_WARN_SUSPICIOUS_MOVE = YES;
				CLANG_WARN_UNGUARDED_AVAILABILITY = YES_AGGRESSIVE;
				CLANG_WARN_UNREACHABLE_CODE = YES;
				CLANG_WARN__DUPLICATE_METHOD_MATCH = YES;
				CODE_SIGN_IDENTITY = "iPhone Developer";
				COPY_PHASE_STRIP = NO;
				DEBUG_INFORMATION_FORMAT = dwarf;
				ENABLE_STRICT_OBJC_MSGSEND = YES;
				ENABLE_TESTABILITY = YES;
				GCC_C_LANGUAGE_STANDARD = gnu11;
				GCC_DYNAMIC_NO_PIC = NO;
				GCC_NO_COMMON_BLOCKS = YES;
				GCC_OPTIMIZATION_LEVEL = 0;
				GCC_PREPROCESSOR_DEFINITIONS = (
					"DEBUG=1",
					"$(inherited)",
				);
				GCC_WARN_64_TO_32_BIT_CONVERSION = YES;
				GCC_WARN_ABOUT_RETURN_TYPE = YES_ERROR;
				GCC_WARN_UNDECLARED_SELECTOR = YES;
				GCC_WARN_UNINITIALIZED_AUTOS = YES_AGGRESSIVE;
				GCC_WARN_UNUSED_FUNCTION = YES;
				GCC_WARN_UNUSED_VARIABLE = YES;
				IPHONEOS_DEPLOYMENT_TARGET = 11.4;
				MTL_ENABLE_DEBUG_INFO = YES;
				ONLY_ACTIVE_ARCH = YES;
				SDKROOT = iphoneos;
				SWIFT_ACTIVE_COMPILATION_CONDITIONS = DEBUG;
				SWIFT_OPTIMIZATION_LEVEL = "-Onone";
			};
			name = Debug;
		};
		114C9CCD21A1661E00D5713E /* Release */ = {
			isa = XCBuildConfiguration;
			buildSettings = {
				ALWAYS_SEARCH_USER_PATHS = NO;
				CLANG_ANALYZER_NONNULL = YES;
				CLANG_ANALYZER_NUMBER_OBJECT_CONVERSION = YES_AGGRESSIVE;
				CLANG_CXX_LANGUAGE_STANDARD = "gnu++14";
				CLANG_CXX_LIBRARY = "libc++";
				CLANG_ENABLE_MODULES = YES;
				CLANG_ENABLE_OBJC_ARC = YES;
				CLANG_ENABLE_OBJC_WEAK = YES;
				CLANG_WARN_BLOCK_CAPTURE_AUTORELEASING = YES;
				CLANG_WARN_BOOL_CONVERSION = YES;
				CLANG_WARN_COMMA = YES;
				CLANG_WARN_CONSTANT_CONVERSION = YES;
				CLANG_WARN_DEPRECATED_OBJC_IMPLEMENTATIONS = YES;
				CLANG_WARN_DIRECT_OBJC_ISA_USAGE = YES_ERROR;
				CLANG_WARN_DOCUMENTATION_COMMENTS = YES;
				CLANG_WARN_EMPTY_BODY = YES;
				CLANG_WARN_ENUM_CONVERSION = YES;
				CLANG_WARN_INFINITE_RECURSION = YES;
				CLANG_WARN_INT_CONVERSION = YES;
				CLANG_WARN_NON_LITERAL_NULL_CONVERSION = YES;
				CLANG_WARN_OBJC_IMPLICIT_RETAIN_SELF = YES;
				CLANG_WARN_OBJC_LITERAL_CONVERSION = YES;
				CLANG_WARN_OBJC_ROOT_CLASS = YES_ERROR;
				CLANG_WARN_RANGE_LOOP_ANALYSIS = YES;
				CLANG_WARN_STRICT_PROTOTYPES = YES;
				CLANG_WARN_SUSPICIOUS_MOVE = YES;
				CLANG_WARN_UNGUARDED_AVAILABILITY = YES_AGGRESSIVE;
				CLANG_WARN_UNREACHABLE_CODE = YES;
				CLANG_WARN__DUPLICATE_METHOD_MATCH = YES;
				CODE_SIGN_IDENTITY = "iPhone Developer";
				COPY_PHASE_STRIP = NO;
				DEBUG_INFORMATION_FORMAT = "dwarf-with-dsym";
				ENABLE_NS_ASSERTIONS = NO;
				ENABLE_STRICT_OBJC_MSGSEND = YES;
				GCC_C_LANGUAGE_STANDARD = gnu11;
				GCC_NO_COMMON_BLOCKS = YES;
				GCC_WARN_64_TO_32_BIT_CONVERSION = YES;
				GCC_WARN_ABOUT_RETURN_TYPE = YES_ERROR;
				GCC_WARN_UNDECLARED_SELECTOR = YES;
				GCC_WARN_UNINITIALIZED_AUTOS = YES_AGGRESSIVE;
				GCC_WARN_UNUSED_FUNCTION = YES;
				GCC_WARN_UNUSED_VARIABLE = YES;
				IPHONEOS_DEPLOYMENT_TARGET = 11.4;
				MTL_ENABLE_DEBUG_INFO = NO;
				SDKROOT = iphoneos;
				SWIFT_COMPILATION_MODE = wholemodule;
				SWIFT_OPTIMIZATION_LEVEL = "-O";
				VALIDATE_PRODUCT = YES;
			};
			name = Release;
		};
		114C9CCF21A1661E00D5713E /* Debug */ = {
			isa = XCBuildConfiguration;
			baseConfigurationReference = EB7908FB3DFB4CA20947A2E0 /* Pods-ShiurDiario_iOS.debug.xcconfig */;
			buildSettings = {
				ASSETCATALOG_COMPILER_APPICON_NAME = AppIcon;
				CLANG_ENABLE_MODULES = YES;
				CODE_SIGN_STYLE = Automatic;
				CURRENT_PROJECT_VERSION = 1;
				DEVELOPMENT_TEAM = 6JTGB7C2KR;
				INFOPLIST_FILE = "$(SRCROOT)/ShiurDiario_iOS/Supporting Files/Info.plist";
				LD_RUNPATH_SEARCH_PATHS = (
					"$(inherited)",
					"@executable_path/Frameworks",
				);
				MARKETING_VERSION = 1.4.0;
				PRODUCT_BUNDLE_IDENTIFIER = "com.hudifeld.ShiurDiario-iOS";
				PRODUCT_NAME = "$(TARGET_NAME)";
				SWIFT_OPTIMIZATION_LEVEL = "-Onone";
				SWIFT_VERSION = 4.0;
				TARGETED_DEVICE_FAMILY = "1,2";
			};
			name = Debug;
		};
		114C9CD021A1661E00D5713E /* Release */ = {
			isa = XCBuildConfiguration;
			baseConfigurationReference = 19563A862F9061651023EE53 /* Pods-ShiurDiario_iOS.release.xcconfig */;
			buildSettings = {
				ASSETCATALOG_COMPILER_APPICON_NAME = AppIcon;
				CLANG_ENABLE_MODULES = YES;
				CODE_SIGN_STYLE = Automatic;
				CURRENT_PROJECT_VERSION = 1;
				DEVELOPMENT_TEAM = 6JTGB7C2KR;
				INFOPLIST_FILE = "$(SRCROOT)/ShiurDiario_iOS/Supporting Files/Info.plist";
				LD_RUNPATH_SEARCH_PATHS = (
					"$(inherited)",
					"@executable_path/Frameworks",
				);
				MARKETING_VERSION = 1.4.0;
				PRODUCT_BUNDLE_IDENTIFIER = "com.hudifeld.ShiurDiario-iOS";
				PRODUCT_NAME = "$(TARGET_NAME)";
				SWIFT_VERSION = 4.0;
				TARGETED_DEVICE_FAMILY = "1,2";
			};
			name = Release;
		};
		1156509E21E36FA500A6B641 /* Debug */ = {
			isa = XCBuildConfiguration;
			baseConfigurationReference = 017EF5B85479924C73E0F157 /* Pods-ShiurDiario_iOSTests.debug.xcconfig */;
			buildSettings = {
				BUNDLE_LOADER = "$(TEST_HOST)";
				CLANG_ENABLE_MODULES = YES;
				CODE_SIGN_STYLE = Automatic;
				DEVELOPMENT_TEAM = 6JTGB7C2KR;
				INFOPLIST_FILE = ShiurDiario_iOSTests/Info.plist;
				LD_RUNPATH_SEARCH_PATHS = (
					"$(inherited)",
					"@executable_path/Frameworks",
					"@loader_path/Frameworks",
				);
				PRODUCT_BUNDLE_IDENTIFIER = "com.example.ShiurDiario-iOSTests";
				PRODUCT_NAME = "$(TARGET_NAME)";
				SWIFT_OPTIMIZATION_LEVEL = "-Onone";
				SWIFT_VERSION = 4.0;
				TARGETED_DEVICE_FAMILY = "1,2";
				TEST_HOST = "$(BUILT_PRODUCTS_DIR)/ShiurDiario_iOS.app/ShiurDiario_iOS";
			};
			name = Debug;
		};
		1156509F21E36FA500A6B641 /* Release */ = {
			isa = XCBuildConfiguration;
			baseConfigurationReference = 52EA3D2C172DE2F8353623AF /* Pods-ShiurDiario_iOSTests.release.xcconfig */;
			buildSettings = {
				BUNDLE_LOADER = "$(TEST_HOST)";
				CLANG_ENABLE_MODULES = YES;
				CODE_SIGN_STYLE = Automatic;
				DEVELOPMENT_TEAM = 6JTGB7C2KR;
				INFOPLIST_FILE = ShiurDiario_iOSTests/Info.plist;
				LD_RUNPATH_SEARCH_PATHS = (
					"$(inherited)",
					"@executable_path/Frameworks",
					"@loader_path/Frameworks",
				);
				PRODUCT_BUNDLE_IDENTIFIER = "com.example.ShiurDiario-iOSTests";
				PRODUCT_NAME = "$(TARGET_NAME)";
				SWIFT_VERSION = 4.0;
				TARGETED_DEVICE_FAMILY = "1,2";
				TEST_HOST = "$(BUILT_PRODUCTS_DIR)/ShiurDiario_iOS.app/ShiurDiario_iOS";
			};
			name = Release;
		};
/* End XCBuildConfiguration section */

/* Begin XCConfigurationList section */
		114C9CB721A1661C00D5713E /* Build configuration list for PBXProject "ShiurDiario_iOS" */ = {
			isa = XCConfigurationList;
			buildConfigurations = (
				114C9CCC21A1661E00D5713E /* Debug */,
				114C9CCD21A1661E00D5713E /* Release */,
			);
			defaultConfigurationIsVisible = 0;
			defaultConfigurationName = Release;
		};
		114C9CCE21A1661E00D5713E /* Build configuration list for PBXNativeTarget "ShiurDiario_iOS" */ = {
			isa = XCConfigurationList;
			buildConfigurations = (
				114C9CCF21A1661E00D5713E /* Debug */,
				114C9CD021A1661E00D5713E /* Release */,
			);
			defaultConfigurationIsVisible = 0;
			defaultConfigurationName = Release;
		};
		115650A021E36FA500A6B641 /* Build configuration list for PBXNativeTarget "ShiurDiario_iOSTests" */ = {
			isa = XCConfigurationList;
			buildConfigurations = (
				1156509E21E36FA500A6B641 /* Debug */,
				1156509F21E36FA500A6B641 /* Release */,
			);
			defaultConfigurationIsVisible = 0;
			defaultConfigurationName = Release;
		};
/* End XCConfigurationList section */
	};
	rootObject = 114C9CB421A1661C00D5713E /* Project object */;
}
